
Microsoft Visual Studio Solution File, Format Version 12.00
# Visual Studio Version 16
VisualStudioVersion = 16.0.29009.5
MinimumVisualStudioVersion = 10.0.40219.1
Project("{6EC3EE1D-3C4E-46DD-8F32-0CC8E7565705}") = "BPRD-01-JonasNielsen", "BPRD-01-JonasNielsen\BPRD-01-JonasNielsen.fsproj", "{3B8239ED-CC20-4BEA-BD21-253EB13D14EC}"
EndProject
Project("{6EC3EE1D-3C4E-46DD-8F32-0CC8E7565705}") = "BPRD-02-JonasNielsen", "BPRD-02-JonasNielsen\BPRD-02-JonasNielsen.fsproj", "{01178100-2550-4492-9625-5A876EC1DEC5}"
EndProject
Project("{6EC3EE1D-3C4E-46DD-8F32-0CC8E7565705}") = "BPRD-03-JonasNielsen", "BPRD-03-JonasNielsen\BPRD-03-JonasNielsen.fsproj", "{6DE2C812-DF95-4DC3-A6CD-1671E2E07C43}"
EndProject
Project("{6EC3EE1D-3C4E-46DD-8F32-0CC8E7565705}") = "BPRD-04-Jonas-Markus", "BPRD-04-Jonas-Markus\BPRD-04-Jonas-Markus.fsproj", "{175F3989-A35C-477B-9259-20521410E95E}"
EndProject
Project("{6EC3EE1D-3C4E-46DD-8F32-0CC8E7565705}") = "BPRD-05-Jonas-Markus", "BPRD-05-Jonas-Markus\BPRD-05-Jonas-Markus.fsproj", "{6590F091-51A7-46EA-B946-FC7073BAE04C}"
EndProject
Project("{6EC3EE1D-3C4E-46DD-8F32-0CC8E7565705}") = "BPRD-06-Jonas-Markus", "BPRD-06-Jonas-Markus\BPRD-06-Jonas-Markus.fsproj", "{A6FBC6A4-C179-4E56-867D-5CB321CCBC22}"
EndProject
Project("{9A19103F-16F7-4668-BE54-9A1E7A4F7556}") = "BPRD-07-Jonas-Markus", "BPRD-07-Jonas-Markus\BPRD-07-Jonas-Markus.csproj", "{E4642236-D739-4D23-B707-B2E2F243BB60}"
EndProject
Project("{6EC3EE1D-3C4E-46DD-8F32-0CC8E7565705}") = "BPRD-08-Jonas-Markus", "BPRD-08-Jonas-Markus\BPRD-08-Jonas-Markus.fsproj", "{D062359A-9AD7-4EFE-970E-F318AA6C0EB9}"
EndProject
Project("{6EC3EE1D-3C4E-46DD-8F32-0CC8E7565705}") = "BPRD-09-Jonas-Markus", "BPRD-09-Jonas-Markus\BPRD-09-Jonas-Markus.fsproj", "{4C4262DA-5D62-4B84-8A75-8B05BF15280C}"
EndProject
Project("{6EC3EE1D-3C4E-46DD-8F32-0CC8E7565705}") = "BPRD-10-Jonas-Markus", "BPRD-10-Jonas-Markus\BPRD-10-Jonas-Markus.fsproj", "{EDEDF955-1398-49D8-B03C-82A1D6F9F59A}"
EndProject
Project("{F2A71F9B-5D33-465A-A702-920D77279786}") = "BPRD-11-Jonas-Markus", "BPRD-11-Jonas-Markus\BPRD-11-Jonas-Markus.fsproj", "{3FCA31A7-9AD0-4972-9E36-C76503F7BA46}"
EndProject
Global
	GlobalSection(SolutionConfigurationPlatforms) = preSolution
		Debug|Any CPU = Debug|Any CPU
		Debug|x64 = Debug|x64
		Debug|x86 = Debug|x86
		Release|Any CPU = Release|Any CPU
		Release|x64 = Release|x64
		Release|x86 = Release|x86
	EndGlobalSection
	GlobalSection(ProjectConfigurationPlatforms) = postSolution
		{3B8239ED-CC20-4BEA-BD21-253EB13D14EC}.Debug|Any CPU.ActiveCfg = Debug|Any CPU
		{3B8239ED-CC20-4BEA-BD21-253EB13D14EC}.Debug|Any CPU.Build.0 = Debug|Any CPU
		{3B8239ED-CC20-4BEA-BD21-253EB13D14EC}.Debug|x64.ActiveCfg = Debug|Any CPU
		{3B8239ED-CC20-4BEA-BD21-253EB13D14EC}.Debug|x64.Build.0 = Debug|Any CPU
		{3B8239ED-CC20-4BEA-BD21-253EB13D14EC}.Debug|x86.ActiveCfg = Debug|Any CPU
		{3B8239ED-CC20-4BEA-BD21-253EB13D14EC}.Debug|x86.Build.0 = Debug|Any CPU
		{3B8239ED-CC20-4BEA-BD21-253EB13D14EC}.Release|Any CPU.ActiveCfg = Release|Any CPU
		{3B8239ED-CC20-4BEA-BD21-253EB13D14EC}.Release|Any CPU.Build.0 = Release|Any CPU
		{3B8239ED-CC20-4BEA-BD21-253EB13D14EC}.Release|x64.ActiveCfg = Release|Any CPU
		{3B8239ED-CC20-4BEA-BD21-253EB13D14EC}.Release|x64.Build.0 = Release|Any CPU
		{3B8239ED-CC20-4BEA-BD21-253EB13D14EC}.Release|x86.ActiveCfg = Release|Any CPU
		{3B8239ED-CC20-4BEA-BD21-253EB13D14EC}.Release|x86.Build.0 = Release|Any CPU
		{01178100-2550-4492-9625-5A876EC1DEC5}.Debug|Any CPU.ActiveCfg = Debug|Any CPU
		{01178100-2550-4492-9625-5A876EC1DEC5}.Debug|Any CPU.Build.0 = Debug|Any CPU
		{01178100-2550-4492-9625-5A876EC1DEC5}.Debug|x64.ActiveCfg = Debug|Any CPU
		{01178100-2550-4492-9625-5A876EC1DEC5}.Debug|x64.Build.0 = Debug|Any CPU
		{01178100-2550-4492-9625-5A876EC1DEC5}.Debug|x86.ActiveCfg = Debug|Any CPU
		{01178100-2550-4492-9625-5A876EC1DEC5}.Debug|x86.Build.0 = Debug|Any CPU
		{01178100-2550-4492-9625-5A876EC1DEC5}.Release|Any CPU.ActiveCfg = Release|Any CPU
		{01178100-2550-4492-9625-5A876EC1DEC5}.Release|Any CPU.Build.0 = Release|Any CPU
		{01178100-2550-4492-9625-5A876EC1DEC5}.Release|x64.ActiveCfg = Release|Any CPU
		{01178100-2550-4492-9625-5A876EC1DEC5}.Release|x64.Build.0 = Release|Any CPU
		{01178100-2550-4492-9625-5A876EC1DEC5}.Release|x86.ActiveCfg = Release|Any CPU
		{01178100-2550-4492-9625-5A876EC1DEC5}.Release|x86.Build.0 = Release|Any CPU
		{6DE2C812-DF95-4DC3-A6CD-1671E2E07C43}.Debug|Any CPU.ActiveCfg = Debug|Any CPU
		{6DE2C812-DF95-4DC3-A6CD-1671E2E07C43}.Debug|Any CPU.Build.0 = Debug|Any CPU
		{6DE2C812-DF95-4DC3-A6CD-1671E2E07C43}.Debug|x64.ActiveCfg = Debug|Any CPU
		{6DE2C812-DF95-4DC3-A6CD-1671E2E07C43}.Debug|x64.Build.0 = Debug|Any CPU
		{6DE2C812-DF95-4DC3-A6CD-1671E2E07C43}.Debug|x86.ActiveCfg = Debug|Any CPU
		{6DE2C812-DF95-4DC3-A6CD-1671E2E07C43}.Debug|x86.Build.0 = Debug|Any CPU
		{6DE2C812-DF95-4DC3-A6CD-1671E2E07C43}.Release|Any CPU.ActiveCfg = Release|Any CPU
		{6DE2C812-DF95-4DC3-A6CD-1671E2E07C43}.Release|Any CPU.Build.0 = Release|Any CPU
		{6DE2C812-DF95-4DC3-A6CD-1671E2E07C43}.Release|x64.ActiveCfg = Release|Any CPU
		{6DE2C812-DF95-4DC3-A6CD-1671E2E07C43}.Release|x64.Build.0 = Release|Any CPU
		{6DE2C812-DF95-4DC3-A6CD-1671E2E07C43}.Release|x86.ActiveCfg = Release|Any CPU
		{6DE2C812-DF95-4DC3-A6CD-1671E2E07C43}.Release|x86.Build.0 = Release|Any CPU
		{175F3989-A35C-477B-9259-20521410E95E}.Debug|Any CPU.ActiveCfg = Debug|Any CPU
		{175F3989-A35C-477B-9259-20521410E95E}.Debug|Any CPU.Build.0 = Debug|Any CPU
		{175F3989-A35C-477B-9259-20521410E95E}.Debug|x64.ActiveCfg = Debug|Any CPU
		{175F3989-A35C-477B-9259-20521410E95E}.Debug|x64.Build.0 = Debug|Any CPU
		{175F3989-A35C-477B-9259-20521410E95E}.Debug|x86.ActiveCfg = Debug|Any CPU
		{175F3989-A35C-477B-9259-20521410E95E}.Debug|x86.Build.0 = Debug|Any CPU
		{175F3989-A35C-477B-9259-20521410E95E}.Release|Any CPU.ActiveCfg = Release|Any CPU
		{175F3989-A35C-477B-9259-20521410E95E}.Release|Any CPU.Build.0 = Release|Any CPU
		{175F3989-A35C-477B-9259-20521410E95E}.Release|x64.ActiveCfg = Release|Any CPU
		{175F3989-A35C-477B-9259-20521410E95E}.Release|x64.Build.0 = Release|Any CPU
		{175F3989-A35C-477B-9259-20521410E95E}.Release|x86.ActiveCfg = Release|Any CPU
		{175F3989-A35C-477B-9259-20521410E95E}.Release|x86.Build.0 = Release|Any CPU
		{6590F091-51A7-46EA-B946-FC7073BAE04C}.Debug|Any CPU.ActiveCfg = Debug|Any CPU
		{6590F091-51A7-46EA-B946-FC7073BAE04C}.Debug|Any CPU.Build.0 = Debug|Any CPU
		{6590F091-51A7-46EA-B946-FC7073BAE04C}.Debug|x64.ActiveCfg = Debug|Any CPU
		{6590F091-51A7-46EA-B946-FC7073BAE04C}.Debug|x64.Build.0 = Debug|Any CPU
		{6590F091-51A7-46EA-B946-FC7073BAE04C}.Debug|x86.ActiveCfg = Debug|Any CPU
		{6590F091-51A7-46EA-B946-FC7073BAE04C}.Debug|x86.Build.0 = Debug|Any CPU
		{6590F091-51A7-46EA-B946-FC7073BAE04C}.Release|Any CPU.ActiveCfg = Release|Any CPU
		{6590F091-51A7-46EA-B946-FC7073BAE04C}.Release|Any CPU.Build.0 = Release|Any CPU
		{6590F091-51A7-46EA-B946-FC7073BAE04C}.Release|x64.ActiveCfg = Release|Any CPU
		{6590F091-51A7-46EA-B946-FC7073BAE04C}.Release|x64.Build.0 = Release|Any CPU
		{6590F091-51A7-46EA-B946-FC7073BAE04C}.Release|x86.ActiveCfg = Release|Any CPU
		{6590F091-51A7-46EA-B946-FC7073BAE04C}.Release|x86.Build.0 = Release|Any CPU
		{A6FBC6A4-C179-4E56-867D-5CB321CCBC22}.Debug|Any CPU.ActiveCfg = Debug|Any CPU
		{A6FBC6A4-C179-4E56-867D-5CB321CCBC22}.Debug|Any CPU.Build.0 = Debug|Any CPU
		{A6FBC6A4-C179-4E56-867D-5CB321CCBC22}.Debug|x64.ActiveCfg = Debug|Any CPU
		{A6FBC6A4-C179-4E56-867D-5CB321CCBC22}.Debug|x64.Build.0 = Debug|Any CPU
		{A6FBC6A4-C179-4E56-867D-5CB321CCBC22}.Debug|x86.ActiveCfg = Debug|Any CPU
		{A6FBC6A4-C179-4E56-867D-5CB321CCBC22}.Debug|x86.Build.0 = Debug|Any CPU
		{A6FBC6A4-C179-4E56-867D-5CB321CCBC22}.Release|Any CPU.ActiveCfg = Release|Any CPU
		{A6FBC6A4-C179-4E56-867D-5CB321CCBC22}.Release|Any CPU.Build.0 = Release|Any CPU
		{A6FBC6A4-C179-4E56-867D-5CB321CCBC22}.Release|x64.ActiveCfg = Release|Any CPU
		{A6FBC6A4-C179-4E56-867D-5CB321CCBC22}.Release|x64.Build.0 = Release|Any CPU
		{A6FBC6A4-C179-4E56-867D-5CB321CCBC22}.Release|x86.ActiveCfg = Release|Any CPU
		{A6FBC6A4-C179-4E56-867D-5CB321CCBC22}.Release|x86.Build.0 = Release|Any CPU
		{E4642236-D739-4D23-B707-B2E2F243BB60}.Debug|Any CPU.ActiveCfg = Debug|Any CPU
		{E4642236-D739-4D23-B707-B2E2F243BB60}.Debug|Any CPU.Build.0 = Debug|Any CPU
		{E4642236-D739-4D23-B707-B2E2F243BB60}.Debug|x64.ActiveCfg = Debug|Any CPU
		{E4642236-D739-4D23-B707-B2E2F243BB60}.Debug|x64.Build.0 = Debug|Any CPU
		{E4642236-D739-4D23-B707-B2E2F243BB60}.Debug|x86.ActiveCfg = Debug|Any CPU
		{E4642236-D739-4D23-B707-B2E2F243BB60}.Debug|x86.Build.0 = Debug|Any CPU
		{E4642236-D739-4D23-B707-B2E2F243BB60}.Release|Any CPU.ActiveCfg = Release|Any CPU
		{E4642236-D739-4D23-B707-B2E2F243BB60}.Release|Any CPU.Build.0 = Release|Any CPU
		{E4642236-D739-4D23-B707-B2E2F243BB60}.Release|x64.ActiveCfg = Release|Any CPU
		{E4642236-D739-4D23-B707-B2E2F243BB60}.Release|x64.Build.0 = Release|Any CPU
		{E4642236-D739-4D23-B707-B2E2F243BB60}.Release|x86.ActiveCfg = Release|Any CPU
		{E4642236-D739-4D23-B707-B2E2F243BB60}.Release|x86.Build.0 = Release|Any CPU
		{D062359A-9AD7-4EFE-970E-F318AA6C0EB9}.Debug|Any CPU.ActiveCfg = Debug|Any CPU
		{D062359A-9AD7-4EFE-970E-F318AA6C0EB9}.Debug|Any CPU.Build.0 = Debug|Any CPU
		{D062359A-9AD7-4EFE-970E-F318AA6C0EB9}.Debug|x64.ActiveCfg = Debug|Any CPU
		{D062359A-9AD7-4EFE-970E-F318AA6C0EB9}.Debug|x64.Build.0 = Debug|Any CPU
		{D062359A-9AD7-4EFE-970E-F318AA6C0EB9}.Debug|x86.ActiveCfg = Debug|Any CPU
		{D062359A-9AD7-4EFE-970E-F318AA6C0EB9}.Debug|x86.Build.0 = Debug|Any CPU
		{D062359A-9AD7-4EFE-970E-F318AA6C0EB9}.Release|Any CPU.ActiveCfg = Release|Any CPU
		{D062359A-9AD7-4EFE-970E-F318AA6C0EB9}.Release|Any CPU.Build.0 = Release|Any CPU
		{D062359A-9AD7-4EFE-970E-F318AA6C0EB9}.Release|x64.ActiveCfg = Release|Any CPU
		{D062359A-9AD7-4EFE-970E-F318AA6C0EB9}.Release|x64.Build.0 = Release|Any CPU
		{D062359A-9AD7-4EFE-970E-F318AA6C0EB9}.Release|x86.ActiveCfg = Release|Any CPU
		{D062359A-9AD7-4EFE-970E-F318AA6C0EB9}.Release|x86.Build.0 = Release|Any CPU
		{4C4262DA-5D62-4B84-8A75-8B05BF15280C}.Debug|Any CPU.ActiveCfg = Debug|Any CPU
		{4C4262DA-5D62-4B84-8A75-8B05BF15280C}.Debug|Any CPU.Build.0 = Debug|Any CPU
		{4C4262DA-5D62-4B84-8A75-8B05BF15280C}.Debug|x64.ActiveCfg = Debug|Any CPU
		{4C4262DA-5D62-4B84-8A75-8B05BF15280C}.Debug|x64.Build.0 = Debug|Any CPU
		{4C4262DA-5D62-4B84-8A75-8B05BF15280C}.Debug|x86.ActiveCfg = Debug|Any CPU
		{4C4262DA-5D62-4B84-8A75-8B05BF15280C}.Debug|x86.Build.0 = Debug|Any CPU
		{4C4262DA-5D62-4B84-8A75-8B05BF15280C}.Release|Any CPU.ActiveCfg = Release|Any CPU
		{4C4262DA-5D62-4B84-8A75-8B05BF15280C}.Release|Any CPU.Build.0 = Release|Any CPU
		{4C4262DA-5D62-4B84-8A75-8B05BF15280C}.Release|x64.ActiveCfg = Release|Any CPU
		{4C4262DA-5D62-4B84-8A75-8B05BF15280C}.Release|x64.Build.0 = Release|Any CPU
		{4C4262DA-5D62-4B84-8A75-8B05BF15280C}.Release|x86.ActiveCfg = Release|Any CPU
		{4C4262DA-5D62-4B84-8A75-8B05BF15280C}.Release|x86.Build.0 = Release|Any CPU
		{EDEDF955-1398-49D8-B03C-82A1D6F9F59A}.Debug|Any CPU.ActiveCfg = Debug|Any CPU
		{EDEDF955-1398-49D8-B03C-82A1D6F9F59A}.Debug|Any CPU.Build.0 = Debug|Any CPU
		{EDEDF955-1398-49D8-B03C-82A1D6F9F59A}.Debug|x64.ActiveCfg = Debug|Any CPU
		{EDEDF955-1398-49D8-B03C-82A1D6F9F59A}.Debug|x64.Build.0 = Debug|Any CPU
		{EDEDF955-1398-49D8-B03C-82A1D6F9F59A}.Debug|x86.ActiveCfg = Debug|Any CPU
		{EDEDF955-1398-49D8-B03C-82A1D6F9F59A}.Debug|x86.Build.0 = Debug|Any CPU
		{EDEDF955-1398-49D8-B03C-82A1D6F9F59A}.Release|Any CPU.ActiveCfg = Release|Any CPU
		{EDEDF955-1398-49D8-B03C-82A1D6F9F59A}.Release|Any CPU.Build.0 = Release|Any CPU
		{EDEDF955-1398-49D8-B03C-82A1D6F9F59A}.Release|x64.ActiveCfg = Release|Any CPU
		{EDEDF955-1398-49D8-B03C-82A1D6F9F59A}.Release|x64.Build.0 = Release|Any CPU
		{EDEDF955-1398-49D8-B03C-82A1D6F9F59A}.Release|x86.ActiveCfg = Release|Any CPU
		{EDEDF955-1398-49D8-B03C-82A1D6F9F59A}.Release|x86.Build.0 = Release|Any CPU
		{3FCA31A7-9AD0-4972-9E36-C76503F7BA46}.Debug|Any CPU.ActiveCfg = Debug|Any CPU
		{3FCA31A7-9AD0-4972-9E36-C76503F7BA46}.Debug|Any CPU.Build.0 = Debug|Any CPU
		{3FCA31A7-9AD0-4972-9E36-C76503F7BA46}.Debug|x64.ActiveCfg = Debug|Any CPU
		{3FCA31A7-9AD0-4972-9E36-C76503F7BA46}.Debug|x64.Build.0 = Debug|Any CPU
		{3FCA31A7-9AD0-4972-9E36-C76503F7BA46}.Debug|x86.ActiveCfg = Debug|Any CPU
		{3FCA31A7-9AD0-4972-9E36-C76503F7BA46}.Debug|x86.Build.0 = Debug|Any CPU
		{3FCA31A7-9AD0-4972-9E36-C76503F7BA46}.Release|Any CPU.ActiveCfg = Release|Any CPU
		{3FCA31A7-9AD0-4972-9E36-C76503F7BA46}.Release|Any CPU.Build.0 = Release|Any CPU
		{3FCA31A7-9AD0-4972-9E36-C76503F7BA46}.Release|x64.ActiveCfg = Release|Any CPU
		{3FCA31A7-9AD0-4972-9E36-C76503F7BA46}.Release|x64.Build.0 = Release|Any CPU
		{3FCA31A7-9AD0-4972-9E36-C76503F7BA46}.Release|x86.ActiveCfg = Release|Any CPU
		{3FCA31A7-9AD0-4972-9E36-C76503F7BA46}.Release|x86.Build.0 = Release|Any CPU
	EndGlobalSection
	GlobalSection(SolutionProperties) = preSolution
		HideSolutionNode = FALSE
	EndGlobalSection
	GlobalSection(ExtensibilityGlobals) = postSolution
		SolutionGuid = {9AE6B7DF-34CF-4B10-8EF6-C081911EFACB}
	EndGlobalSection
EndGlobal
